
Microsoft Visual Studio Solution File, Format Version 12.00
# Visual Studio Version 16
VisualStudioVersion = 16.0.29519.87
MinimumVisualStudioVersion = 10.0.40219.1
Project("{FAE04EC0-301F-11D3-BF4B-00C04F79EFBC}") = "InsSave", "InsSave\InsSave.csproj", "{DFEF0F6E-B218-4F3B-984A-598F864A1A36}"
EndProject
Global
	GlobalSection(SolutionConfigurationPlatforms) = preSolution
		Debug|Any CPU = Debug|Any CPU
		Release|Any CPU = Release|Any CPU
	EndGlobalSection
	GlobalSection(ProjectConfigurationPlatforms) = postSolution
		{DFEF0F6E-B218-4F3B-984A-598F864A1A36}.Debug|Any CPU.ActiveCfg = Debug|Any CPU
		{DFEF0F6E-B218-4F3B-984A-598F864A1A36}.Debug|Any CPU.Build.0 = Debug|Any CPU
		{DFEF0F6E-B218-4F3B-984A-598F864A1A36}.Release|Any CPU.ActiveCfg = Release|Any CPU
		{DFEF0F6E-B218-4F3B-984A-598F864A1A36}.Release|Any CPU.Build.0 = Release|Any CPU
	EndGlobalSection
	GlobalSection(SolutionProperties) = preSolution
		HideSolutionNode = FALSE
	EndGlobalSection
	GlobalSection(ExtensibilityGlobals) = postSolution
		SolutionGuid = {F444D253-C940-48BA-8F02-142D1A0288DB}
	EndGlobalSection
EndGlobal
